// !$*UTF8*$!
{
	archiveVersion = 1;
	classes = {
	};
	objectVersion = 46;
	objects = {

/* Begin PBXBuildFile section */
		18A02CAE17D628B3009ACDCE /* FeedsViewController.m in Sources */ = {isa = PBXBuildFile; fileRef = 18A02CAC17D628B3009ACDCE /* FeedsViewController.m */; };
		18A02CAF17D628B3009ACDCE /* FeedsViewController.xib in Resources */ = {isa = PBXBuildFile; fileRef = 18A02CAD17D628B3009ACDCE /* FeedsViewController.xib */; };
		18A02CB317D629DB009ACDCE /* FeedCell.m in Sources */ = {isa = PBXBuildFile; fileRef = 18A02CB217D629DB009ACDCE /* FeedCell.m */; };
		18A02CB517D62B07009ACDCE /* FeedCell.xib in Resources */ = {isa = PBXBuildFile; fileRef = 18A02CB417D62B07009ACDCE /* FeedCell.xib */; };
		18A02CBA17D633AF009ACDCE /* comment.png in Resources */ = {isa = PBXBuildFile; fileRef = 18A02CB617D633AF009ACDCE /* comment.png */; };
		18A02CBB17D633AF009ACDCE /* comment@2x.png in Resources */ = {isa = PBXBuildFile; fileRef = 18A02CB717D633AF009ACDCE /* comment@2x.png */; };
		18A02CBC17D633AF009ACDCE /* heart.png in Resources */ = {isa = PBXBuildFile; fileRef = 18A02CB817D633AF009ACDCE /* heart.png */; };
		18A02CBD17D633AF009ACDCE /* heart@2x.png in Resources */ = {isa = PBXBuildFile; fileRef = 18A02CB917D633AF009ACDCE /* heart@2x.png */; };
		18A02CBF17D63798009ACDCE /* QuartzCore.framework in Frameworks */ = {isa = PBXBuildFile; fileRef = 18A02CBE17D63798009ACDCE /* QuartzCore.framework */; };
		18A02CC117D63A8B009ACDCE /* recipe.jpg in Resources */ = {isa = PBXBuildFile; fileRef = 18A02CC017D63A8A009ACDCE /* recipe.jpg */; };
		18E05FE617D71F8C0041D264 /* AFDownloadRequestOperation.m in Sources */ = {isa = PBXBuildFile; fileRef = 18E05FE517D71F8C0041D264 /* AFDownloadRequestOperation.m */; };
		18E05FE817D72D5E0041D264 /* add_image.png in Resources */ = {isa = PBXBuildFile; fileRef = 18E05FE717D72D5E0041D264 /* add_image.png */; };
		18E05FEA17D740840041D264 /* cook.png in Resources */ = {isa = PBXBuildFile; fileRef = 18E05FE917D740840041D264 /* cook.png */; };
		18E05FED17D7420D0041D264 /* NSDate+Calculations.m in Sources */ = {isa = PBXBuildFile; fileRef = 18E05FEC17D7420D0041D264 /* NSDate+Calculations.m */; settings = {COMPILER_FLAGS = "-fno-objc-arc"; }; };
		5B1F93F317CE742800A8B919 /* Recipe.m in Sources */ = {isa = PBXBuildFile; fileRef = 5B1F93F217CE742800A8B919 /* Recipe.m */; };
		5B262B4D17D21AFF0072F13D /* HRAPIClient.m in Sources */ = {isa = PBXBuildFile; fileRef = 5B262B4C17D21AFF0072F13D /* HRAPIClient.m */; };
		5B262B5817D249C70072F13D /* NSManagedObject+Serialization.m in Sources */ = {isa = PBXBuildFile; fileRef = 5B262B5717D249C70072F13D /* NSManagedObject+Serialization.m */; };
		5BA8AEDC17C7BB7F00EEC9ED /* CoreData.framework in Frameworks */ = {isa = PBXBuildFile; fileRef = 5BA8AEDB17C7BB7F00EEC9ED /* CoreData.framework */; };
		5BA8AEDF17C7BC3F00EEC9ED /* HyperRecipes.xcdatamodeld in Sources */ = {isa = PBXBuildFile; fileRef = 5BA8AEDD17C7BC3F00EEC9ED /* HyperRecipes.xcdatamodeld */; };
		5BAA16CB17C932EC0048F07E /* Photo.m in Sources */ = {isa = PBXBuildFile; fileRef = 5BAA16CA17C932EC0048F07E /* Photo.m */; };
		5BAA16D217C93A770048F07E /* Recipes.m in Sources */ = {isa = PBXBuildFile; fileRef = 5BAA16D117C93A770048F07E /* Recipes.m */; };
		5BAF01FC17C9309100FE6A72 /* SystemConfiguration.framework in Frameworks */ = {isa = PBXBuildFile; fileRef = 5BAF01FB17C9309100FE6A72 /* SystemConfiguration.framework */; };
		5BAF01FE17C9309800FE6A72 /* MobileCoreServices.framework in Frameworks */ = {isa = PBXBuildFile; fileRef = 5BAF01FD17C9309800FE6A72 /* MobileCoreServices.framework */; };
		5BE2B28217C7AE9A0031A7CE /* UIKit.framework in Frameworks */ = {isa = PBXBuildFile; fileRef = 5BE2B28117C7AE9A0031A7CE /* UIKit.framework */; };
		5BE2B28417C7AE9A0031A7CE /* Foundation.framework in Frameworks */ = {isa = PBXBuildFile; fileRef = 5BE2B28317C7AE9A0031A7CE /* Foundation.framework */; };
		5BE2B28617C7AE9A0031A7CE /* CoreGraphics.framework in Frameworks */ = {isa = PBXBuildFile; fileRef = 5BE2B28517C7AE9A0031A7CE /* CoreGraphics.framework */; };
		5BE2B28C17C7AE9A0031A7CE /* InfoPlist.strings in Resources */ = {isa = PBXBuildFile; fileRef = 5BE2B28A17C7AE9A0031A7CE /* InfoPlist.strings */; };
		5BE2B28E17C7AE9A0031A7CE /* main.m in Sources */ = {isa = PBXBuildFile; fileRef = 5BE2B28D17C7AE9A0031A7CE /* main.m */; };
		5BE2B29217C7AE9A0031A7CE /* AppDelegate.m in Sources */ = {isa = PBXBuildFile; fileRef = 5BE2B29117C7AE9A0031A7CE /* AppDelegate.m */; };
		5BE2B29417C7AE9A0031A7CE /* Default.png in Resources */ = {isa = PBXBuildFile; fileRef = 5BE2B29317C7AE9A0031A7CE /* Default.png */; };
		5BE2B29617C7AE9A0031A7CE /* Default@2x.png in Resources */ = {isa = PBXBuildFile; fileRef = 5BE2B29517C7AE9A0031A7CE /* Default@2x.png */; };
		5BE2B29817C7AE9A0031A7CE /* Default-568h@2x.png in Resources */ = {isa = PBXBuildFile; fileRef = 5BE2B29717C7AE9A0031A7CE /* Default-568h@2x.png */; };
		BD3E5BC2AAEB403F9522EF59 /* libPods.a in Frameworks */ = {isa = PBXBuildFile; fileRef = F44FDBDC500B494C94CE2A01 /* libPods.a */; };
/* End PBXBuildFile section */

/* Begin PBXFileReference section */
		18A02CAB17D628B3009ACDCE /* FeedsViewController.h */ = {isa = PBXFileReference; fileEncoding = 4; lastKnownFileType = sourcecode.c.h; path = FeedsViewController.h; sourceTree = "<group>"; };
		18A02CAC17D628B3009ACDCE /* FeedsViewController.m */ = {isa = PBXFileReference; fileEncoding = 4; lastKnownFileType = sourcecode.c.objc; path = FeedsViewController.m; sourceTree = "<group>"; };
		18A02CAD17D628B3009ACDCE /* FeedsViewController.xib */ = {isa = PBXFileReference; fileEncoding = 4; lastKnownFileType = file.xib; path = FeedsViewController.xib; sourceTree = "<group>"; };
		18A02CB117D629DB009ACDCE /* FeedCell.h */ = {isa = PBXFileReference; fileEncoding = 4; lastKnownFileType = sourcecode.c.h; path = FeedCell.h; sourceTree = "<group>"; };
		18A02CB217D629DB009ACDCE /* FeedCell.m */ = {isa = PBXFileReference; fileEncoding = 4; lastKnownFileType = sourcecode.c.objc; path = FeedCell.m; sourceTree = "<group>"; };
		18A02CB417D62B07009ACDCE /* FeedCell.xib */ = {isa = PBXFileReference; fileEncoding = 4; lastKnownFileType = file.xib; path = FeedCell.xib; sourceTree = "<group>"; };
		18A02CB617D633AF009ACDCE /* comment.png */ = {isa = PBXFileReference; lastKnownFileType = image.png; path = comment.png; sourceTree = "<group>"; };
		18A02CB717D633AF009ACDCE /* comment@2x.png */ = {isa = PBXFileReference; lastKnownFileType = image.png; path = "comment@2x.png"; sourceTree = "<group>"; };
		18A02CB817D633AF009ACDCE /* heart.png */ = {isa = PBXFileReference; lastKnownFileType = image.png; path = heart.png; sourceTree = "<group>"; };
		18A02CB917D633AF009ACDCE /* heart@2x.png */ = {isa = PBXFileReference; lastKnownFileType = image.png; path = "heart@2x.png"; sourceTree = "<group>"; };
		18A02CBE17D63798009ACDCE /* QuartzCore.framework */ = {isa = PBXFileReference; lastKnownFileType = wrapper.framework; name = QuartzCore.framework; path = System/Library/Frameworks/QuartzCore.framework; sourceTree = SDKROOT; };
		18A02CC017D63A8A009ACDCE /* recipe.jpg */ = {isa = PBXFileReference; lastKnownFileType = image.jpeg; path = recipe.jpg; sourceTree = "<group>"; };
		18E05FE417D71F8C0041D264 /* AFDownloadRequestOperation.h */ = {isa = PBXFileReference; fileEncoding = 4; lastKnownFileType = sourcecode.c.h; path = AFDownloadRequestOperation.h; sourceTree = "<group>"; };
		18E05FE517D71F8C0041D264 /* AFDownloadRequestOperation.m */ = {isa = PBXFileReference; fileEncoding = 4; lastKnownFileType = sourcecode.c.objc; path = AFDownloadRequestOperation.m; sourceTree = "<group>"; };
		18E05FE717D72D5E0041D264 /* add_image.png */ = {isa = PBXFileReference; lastKnownFileType = image.png; path = add_image.png; sourceTree = "<group>"; };
		18E05FE917D740840041D264 /* cook.png */ = {isa = PBXFileReference; lastKnownFileType = image.png; path = cook.png; sourceTree = "<group>"; };
		18E05FEB17D7420D0041D264 /* NSDate+Calculations.h */ = {isa = PBXFileReference; fileEncoding = 4; lastKnownFileType = sourcecode.c.h; path = "NSDate+Calculations.h"; sourceTree = "<group>"; };
		18E05FEC17D7420D0041D264 /* NSDate+Calculations.m */ = {isa = PBXFileReference; fileEncoding = 4; lastKnownFileType = sourcecode.c.objc; path = "NSDate+Calculations.m"; sourceTree = "<group>"; };
		427EEE498E894D6E80695CF6 /* Pods.xcconfig */ = {isa = PBXFileReference; includeInIndex = 1; lastKnownFileType = text.xcconfig; name = Pods.xcconfig; path = Pods/Pods.xcconfig; sourceTree = SOURCE_ROOT; };
		5B1F93F117CE742800A8B919 /* Recipe.h */ = {isa = PBXFileReference; fileEncoding = 4; lastKnownFileType = sourcecode.c.h; path = Recipe.h; sourceTree = "<group>"; };
		5B1F93F217CE742800A8B919 /* Recipe.m */ = {isa = PBXFileReference; fileEncoding = 4; lastKnownFileType = sourcecode.c.objc; path = Recipe.m; sourceTree = "<group>"; };
		5B262B4B17D21AFF0072F13D /* HRAPIClient.h */ = {isa = PBXFileReference; fileEncoding = 4; lastKnownFileType = sourcecode.c.h; path = HRAPIClient.h; sourceTree = "<group>"; };
		5B262B4C17D21AFF0072F13D /* HRAPIClient.m */ = {isa = PBXFileReference; fileEncoding = 4; lastKnownFileType = sourcecode.c.objc; path = HRAPIClient.m; sourceTree = "<group>"; };
		5B262B5617D249C70072F13D /* NSManagedObject+Serialization.h */ = {isa = PBXFileReference; fileEncoding = 4; lastKnownFileType = sourcecode.c.h; path = "NSManagedObject+Serialization.h"; sourceTree = "<group>"; };
		5B262B5717D249C70072F13D /* NSManagedObject+Serialization.m */ = {isa = PBXFileReference; fileEncoding = 4; lastKnownFileType = sourcecode.c.objc; path = "NSManagedObject+Serialization.m"; sourceTree = "<group>"; };
		5BA8AEDB17C7BB7F00EEC9ED /* CoreData.framework */ = {isa = PBXFileReference; lastKnownFileType = wrapper.framework; name = CoreData.framework; path = System/Library/Frameworks/CoreData.framework; sourceTree = SDKROOT; };
		5BA8AEDE17C7BC3F00EEC9ED /* HyperRecipes.xcdatamodel */ = {isa = PBXFileReference; lastKnownFileType = wrapper.xcdatamodel; path = HyperRecipes.xcdatamodel; sourceTree = "<group>"; };
		5BAA16C917C932EC0048F07E /* Photo.h */ = {isa = PBXFileReference; fileEncoding = 4; lastKnownFileType = sourcecode.c.h; path = Photo.h; sourceTree = "<group>"; };
		5BAA16CA17C932EC0048F07E /* Photo.m */ = {isa = PBXFileReference; fileEncoding = 4; lastKnownFileType = sourcecode.c.objc; path = Photo.m; sourceTree = "<group>"; };
		5BAA16D017C93A770048F07E /* Recipes.h */ = {isa = PBXFileReference; fileEncoding = 4; lastKnownFileType = sourcecode.c.h; path = Recipes.h; sourceTree = "<group>"; };
		5BAA16D117C93A770048F07E /* Recipes.m */ = {isa = PBXFileReference; fileEncoding = 4; lastKnownFileType = sourcecode.c.objc; path = Recipes.m; sourceTree = "<group>"; };
		5BAF01FB17C9309100FE6A72 /* SystemConfiguration.framework */ = {isa = PBXFileReference; lastKnownFileType = wrapper.framework; name = SystemConfiguration.framework; path = System/Library/Frameworks/SystemConfiguration.framework; sourceTree = SDKROOT; };
		5BAF01FD17C9309800FE6A72 /* MobileCoreServices.framework */ = {isa = PBXFileReference; lastKnownFileType = wrapper.framework; name = MobileCoreServices.framework; path = System/Library/Frameworks/MobileCoreServices.framework; sourceTree = SDKROOT; };
		5BE2B27E17C7AE9A0031A7CE /* Hyper Recipes.app */ = {isa = PBXFileReference; explicitFileType = wrapper.application; includeInIndex = 0; path = "Hyper Recipes.app"; sourceTree = BUILT_PRODUCTS_DIR; };
		5BE2B28117C7AE9A0031A7CE /* UIKit.framework */ = {isa = PBXFileReference; lastKnownFileType = wrapper.framework; name = UIKit.framework; path = System/Library/Frameworks/UIKit.framework; sourceTree = SDKROOT; };
		5BE2B28317C7AE9A0031A7CE /* Foundation.framework */ = {isa = PBXFileReference; lastKnownFileType = wrapper.framework; name = Foundation.framework; path = System/Library/Frameworks/Foundation.framework; sourceTree = SDKROOT; };
		5BE2B28517C7AE9A0031A7CE /* CoreGraphics.framework */ = {isa = PBXFileReference; lastKnownFileType = wrapper.framework; name = CoreGraphics.framework; path = System/Library/Frameworks/CoreGraphics.framework; sourceTree = SDKROOT; };
		5BE2B28917C7AE9A0031A7CE /* Hyper Recipes-Info.plist */ = {isa = PBXFileReference; lastKnownFileType = text.plist.xml; path = "Hyper Recipes-Info.plist"; sourceTree = "<group>"; };
		5BE2B28B17C7AE9A0031A7CE /* en */ = {isa = PBXFileReference; lastKnownFileType = text.plist.strings; name = en; path = en.lproj/InfoPlist.strings; sourceTree = "<group>"; };
		5BE2B28D17C7AE9A0031A7CE /* main.m */ = {isa = PBXFileReference; lastKnownFileType = sourcecode.c.objc; path = main.m; sourceTree = "<group>"; };
		5BE2B28F17C7AE9A0031A7CE /* Hyper Recipes-Prefix.pch */ = {isa = PBXFileReference; lastKnownFileType = sourcecode.c.h; path = "Hyper Recipes-Prefix.pch"; sourceTree = "<group>"; };
		5BE2B29017C7AE9A0031A7CE /* AppDelegate.h */ = {isa = PBXFileReference; lastKnownFileType = sourcecode.c.h; path = AppDelegate.h; sourceTree = "<group>"; };
		5BE2B29117C7AE9A0031A7CE /* AppDelegate.m */ = {isa = PBXFileReference; lastKnownFileType = sourcecode.c.objc; path = AppDelegate.m; sourceTree = "<group>"; };
		5BE2B29317C7AE9A0031A7CE /* Default.png */ = {isa = PBXFileReference; lastKnownFileType = image.png; path = Default.png; sourceTree = "<group>"; };
		5BE2B29517C7AE9A0031A7CE /* Default@2x.png */ = {isa = PBXFileReference; lastKnownFileType = image.png; path = "Default@2x.png"; sourceTree = "<group>"; };
		5BE2B29717C7AE9A0031A7CE /* Default-568h@2x.png */ = {isa = PBXFileReference; lastKnownFileType = image.png; path = "Default-568h@2x.png"; sourceTree = "<group>"; };
		F44FDBDC500B494C94CE2A01 /* libPods.a */ = {isa = PBXFileReference; explicitFileType = archive.ar; includeInIndex = 0; path = libPods.a; sourceTree = BUILT_PRODUCTS_DIR; };
/* End PBXFileReference section */

/* Begin PBXFrameworksBuildPhase section */
		5BE2B27B17C7AE9A0031A7CE /* Frameworks */ = {
			isa = PBXFrameworksBuildPhase;
			buildActionMask = 2147483647;
			files = (
				18A02CBF17D63798009ACDCE /* QuartzCore.framework in Frameworks */,
				5BAF01FE17C9309800FE6A72 /* MobileCoreServices.framework in Frameworks */,
				5BAF01FC17C9309100FE6A72 /* SystemConfiguration.framework in Frameworks */,
				5BA8AEDC17C7BB7F00EEC9ED /* CoreData.framework in Frameworks */,
				5BE2B28217C7AE9A0031A7CE /* UIKit.framework in Frameworks */,
				5BE2B28417C7AE9A0031A7CE /* Foundation.framework in Frameworks */,
				5BE2B28617C7AE9A0031A7CE /* CoreGraphics.framework in Frameworks */,
				BD3E5BC2AAEB403F9522EF59 /* libPods.a in Frameworks */,
			);
			runOnlyForDeploymentPostprocessing = 0;
		};
/* End PBXFrameworksBuildPhase section */

/* Begin PBXGroup section */
		18A02CB017D629BE009ACDCE /* view */ = {
			isa = PBXGroup;
			children = (
				18E05FE917D740840041D264 /* cook.png */,
				18E05FE717D72D5E0041D264 /* add_image.png */,
				18A02CC017D63A8A009ACDCE /* recipe.jpg */,
				18A02CB617D633AF009ACDCE /* comment.png */,
				18A02CB717D633AF009ACDCE /* comment@2x.png */,
				18A02CB817D633AF009ACDCE /* heart.png */,
				18A02CB917D633AF009ACDCE /* heart@2x.png */,
				18A02CB117D629DB009ACDCE /* FeedCell.h */,
				18A02CB217D629DB009ACDCE /* FeedCell.m */,
				18A02CB417D62B07009ACDCE /* FeedCell.xib */,
			);
			name = view;
			sourceTree = "<group>";
		};
		18E05FE317D71F7B0041D264 /* Utilities */ = {
			isa = PBXGroup;
			children = (
				18E05FEB17D7420D0041D264 /* NSDate+Calculations.h */,
				18E05FEC17D7420D0041D264 /* NSDate+Calculations.m */,
				18E05FE417D71F8C0041D264 /* AFDownloadRequestOperation.h */,
				18E05FE517D71F8C0041D264 /* AFDownloadRequestOperation.m */,
			);
			name = Utilities;
			sourceTree = "<group>";
		};
		5B262B4E17D21B6C0072F13D /* API */ = {
			isa = PBXGroup;
			children = (
				5B262B4B17D21AFF0072F13D /* HRAPIClient.h */,
				5B262B4C17D21AFF0072F13D /* HRAPIClient.m */,
			);
			name = API;
			sourceTree = "<group>";
		};
		5B262B5217D248F00072F13D /* Categories */ = {
			isa = PBXGroup;
			children = (
				5B262B5617D249C70072F13D /* NSManagedObject+Serialization.h */,
				5B262B5717D249C70072F13D /* NSManagedObject+Serialization.m */,
			);
			name = Categories;
			sourceTree = "<group>";
		};
		5BA8AEE917C922FD00EEC9ED /* Models */ = {
			isa = PBXGroup;
			children = (
				5BA8AEDD17C7BC3F00EEC9ED /* HyperRecipes.xcdatamodeld */,
				5B1F93F117CE742800A8B919 /* Recipe.h */,
				5B1F93F217CE742800A8B919 /* Recipe.m */,
				5BAA16C917C932EC0048F07E /* Photo.h */,
				5BAA16CA17C932EC0048F07E /* Photo.m */,
			);
			name = Models;
			sourceTree = "<group>";
		};
		5BAA16CF17C93A5C0048F07E /* Controllers */ = {
			isa = PBXGroup;
			children = (
				5BAA16D017C93A770048F07E /* Recipes.h */,
				5BAA16D117C93A770048F07E /* Recipes.m */,
			);
			name = Controllers;
			sourceTree = "<group>";
		};
		5BC0551917D38F5500969F3F /* View controllers */ = {
			isa = PBXGroup;
			children = (
				18A02CAB17D628B3009ACDCE /* FeedsViewController.h */,
				18A02CAC17D628B3009ACDCE /* FeedsViewController.m */,
				18A02CAD17D628B3009ACDCE /* FeedsViewController.xib */,
			);
			name = "View controllers";
			sourceTree = "<group>";
		};
		5BE2B27517C7AE9A0031A7CE = {
			isa = PBXGroup;
			children = (
				18A02CBE17D63798009ACDCE /* QuartzCore.framework */,
				5BE2B28717C7AE9A0031A7CE /* Hyper Recipes */,
				5BE2B28017C7AE9A0031A7CE /* Frameworks */,
				5BE2B27F17C7AE9A0031A7CE /* Products */,
				427EEE498E894D6E80695CF6 /* Pods.xcconfig */,
			);
			sourceTree = "<group>";
		};
		5BE2B27F17C7AE9A0031A7CE /* Products */ = {
			isa = PBXGroup;
			children = (
				5BE2B27E17C7AE9A0031A7CE /* Hyper Recipes.app */,
			);
			name = Products;
			sourceTree = "<group>";
		};
		5BE2B28017C7AE9A0031A7CE /* Frameworks */ = {
			isa = PBXGroup;
			children = (
				5BAF01FD17C9309800FE6A72 /* MobileCoreServices.framework */,
				5BAF01FB17C9309100FE6A72 /* SystemConfiguration.framework */,
				5BA8AEDB17C7BB7F00EEC9ED /* CoreData.framework */,
				5BE2B28117C7AE9A0031A7CE /* UIKit.framework */,
				5BE2B28317C7AE9A0031A7CE /* Foundation.framework */,
				5BE2B28517C7AE9A0031A7CE /* CoreGraphics.framework */,
				F44FDBDC500B494C94CE2A01 /* libPods.a */,
			);
			name = Frameworks;
			sourceTree = "<group>";
		};
		5BE2B28717C7AE9A0031A7CE /* Hyper Recipes */ = {
			isa = PBXGroup;
			children = (
				5BE2B29017C7AE9A0031A7CE /* AppDelegate.h */,
				5BE2B29117C7AE9A0031A7CE /* AppDelegate.m */,
				5BC0551917D38F5500969F3F /* View controllers */,
				18A02CB017D629BE009ACDCE /* view */,
				5B262B4E17D21B6C0072F13D /* API */,
				5B262B5217D248F00072F13D /* Categories */,
				5BAA16CF17C93A5C0048F07E /* Controllers */,
				5BA8AEE917C922FD00EEC9ED /* Models */,
				18E05FE317D71F7B0041D264 /* Utilities */,
				5BE2B28817C7AE9A0031A7CE /* Supporting Files */,
			);
			path = "Hyper Recipes";
			sourceTree = "<group>";
		};
		5BE2B28817C7AE9A0031A7CE /* Supporting Files */ = {
			isa = PBXGroup;
			children = (
				5BE2B28917C7AE9A0031A7CE /* Hyper Recipes-Info.plist */,
				5BE2B28A17C7AE9A0031A7CE /* InfoPlist.strings */,
				5BE2B28D17C7AE9A0031A7CE /* main.m */,
				5BE2B28F17C7AE9A0031A7CE /* Hyper Recipes-Prefix.pch */,
				5BE2B29317C7AE9A0031A7CE /* Default.png */,
				5BE2B29517C7AE9A0031A7CE /* Default@2x.png */,
				5BE2B29717C7AE9A0031A7CE /* Default-568h@2x.png */,
			);
			name = "Supporting Files";
			sourceTree = "<group>";
		};
/* End PBXGroup section */

/* Begin PBXNativeTarget section */
		5BE2B27D17C7AE9A0031A7CE /* Hyper Recipes */ = {
			isa = PBXNativeTarget;
			buildConfigurationList = 5BE2B29B17C7AE9A0031A7CE /* Build configuration list for PBXNativeTarget "Hyper Recipes" */;
			buildPhases = (
				58A5E222752040AD95E607AA /* Check Pods Manifest.lock */,
				5BE2B27A17C7AE9A0031A7CE /* Sources */,
				5BE2B27B17C7AE9A0031A7CE /* Frameworks */,
				5BE2B27C17C7AE9A0031A7CE /* Resources */,
				58F2BE1BFFEA4B31AA9CF84B /* Copy Pods Resources */,
			);
			buildRules = (
			);
			dependencies = (
			);
			name = "Hyper Recipes";
			productName = "Hyper Recipes";
			productReference = 5BE2B27E17C7AE9A0031A7CE /* Hyper Recipes.app */;
			productType = "com.apple.product-type.application";
		};
/* End PBXNativeTarget section */

/* Begin PBXProject section */
		5BE2B27617C7AE9A0031A7CE /* Project object */ = {
			isa = PBXProject;
			attributes = {
				LastUpgradeCheck = 0460;
				ORGANIZATIONNAME = Fahied;
			};
			buildConfigurationList = 5BE2B27917C7AE9A0031A7CE /* Build configuration list for PBXProject "Hyper Recipes" */;
			compatibilityVersion = "Xcode 3.2";
			developmentRegion = English;
			hasScannedForEncodings = 0;
			knownRegions = (
				en,
			);
			mainGroup = 5BE2B27517C7AE9A0031A7CE;
			productRefGroup = 5BE2B27F17C7AE9A0031A7CE /* Products */;
			projectDirPath = "";
			projectRoot = "";
			targets = (
				5BE2B27D17C7AE9A0031A7CE /* Hyper Recipes */,
			);
		};
/* End PBXProject section */

/* Begin PBXResourcesBuildPhase section */
		5BE2B27C17C7AE9A0031A7CE /* Resources */ = {
			isa = PBXResourcesBuildPhase;
			buildActionMask = 2147483647;
			files = (
				5BE2B28C17C7AE9A0031A7CE /* InfoPlist.strings in Resources */,
				5BE2B29417C7AE9A0031A7CE /* Default.png in Resources */,
				5BE2B29617C7AE9A0031A7CE /* Default@2x.png in Resources */,
				5BE2B29817C7AE9A0031A7CE /* Default-568h@2x.png in Resources */,
				18A02CAF17D628B3009ACDCE /* FeedsViewController.xib in Resources */,
				18A02CB517D62B07009ACDCE /* FeedCell.xib in Resources */,
				18A02CBA17D633AF009ACDCE /* comment.png in Resources */,
				18A02CBB17D633AF009ACDCE /* comment@2x.png in Resources */,
				18A02CBC17D633AF009ACDCE /* heart.png in Resources */,
				18A02CBD17D633AF009ACDCE /* heart@2x.png in Resources */,
				18A02CC117D63A8B009ACDCE /* recipe.jpg in Resources */,
				18E05FE817D72D5E0041D264 /* add_image.png in Resources */,
				18E05FEA17D740840041D264 /* cook.png in Resources */,
			);
			runOnlyForDeploymentPostprocessing = 0;
		};
/* End PBXResourcesBuildPhase section */

/* Begin PBXShellScriptBuildPhase section */
		58A5E222752040AD95E607AA /* Check Pods Manifest.lock */ = {
			isa = PBXShellScriptBuildPhase;
			buildActionMask = 2147483647;
			files = (
			);
			inputPaths = (
			);
			name = "Check Pods Manifest.lock";
			outputPaths = (
			);
			runOnlyForDeploymentPostprocessing = 0;
			shellPath = /bin/sh;
			shellScript = "diff \"${PODS_ROOT}/../Podfile.lock\" \"${PODS_ROOT}/Manifest.lock\" > /dev/null\nif [[ $? != 0 ]] ; then\n    cat << EOM\nerror: The sandbox is not in sync with the Podfile.lock. Run 'pod install' or update your CocoaPods installation.\nEOM\n    exit 1\nfi\n";
			showEnvVarsInLog = 0;
		};
		58F2BE1BFFEA4B31AA9CF84B /* Copy Pods Resources */ = {
			isa = PBXShellScriptBuildPhase;
			buildActionMask = 2147483647;
			files = (
			);
			inputPaths = (
			);
			name = "Copy Pods Resources";
			outputPaths = (
			);
			runOnlyForDeploymentPostprocessing = 0;
			shellPath = /bin/sh;
			shellScript = "\"${SRCROOT}/Pods/Pods-resources.sh\"\n";
			showEnvVarsInLog = 0;
		};
/* End PBXShellScriptBuildPhase section */

/* Begin PBXSourcesBuildPhase section */
		5BE2B27A17C7AE9A0031A7CE /* Sources */ = {
			isa = PBXSourcesBuildPhase;
			buildActionMask = 2147483647;
			files = (
				5BE2B28E17C7AE9A0031A7CE /* main.m in Sources */,
				5BE2B29217C7AE9A0031A7CE /* AppDelegate.m in Sources */,
				5BA8AEDF17C7BC3F00EEC9ED /* HyperRecipes.xcdatamodeld in Sources */,
				5BAA16CB17C932EC0048F07E /* Photo.m in Sources */,
				5BAA16D217C93A770048F07E /* Recipes.m in Sources */,
				5B1F93F317CE742800A8B919 /* Recipe.m in Sources */,
				5B262B4D17D21AFF0072F13D /* HRAPIClient.m in Sources */,
				5B262B5817D249C70072F13D /* NSManagedObject+Serialization.m in Sources */,
				18A02CAE17D628B3009ACDCE /* FeedsViewController.m in Sources */,
				18A02CB317D629DB009ACDCE /* FeedCell.m in Sources */,
				18E05FE617D71F8C0041D264 /* AFDownloadRequestOperation.m in Sources */,
				18E05FED17D7420D0041D264 /* NSDate+Calculations.m in Sources */,
			);
			runOnlyForDeploymentPostprocessing = 0;
		};
/* End PBXSourcesBuildPhase section */

/* Begin PBXVariantGroup section */
		5BE2B28A17C7AE9A0031A7CE /* InfoPlist.strings */ = {
			isa = PBXVariantGroup;
			children = (
				5BE2B28B17C7AE9A0031A7CE /* en */,
			);
			name = InfoPlist.strings;
			sourceTree = "<group>";
		};
/* End PBXVariantGroup section */

/* Begin XCBuildConfiguration section */
		5BE2B29917C7AE9A0031A7CE /* Debug */ = {
			isa = XCBuildConfiguration;
			buildSettings = {
				ALWAYS_SEARCH_USER_PATHS = NO;
				CLANG_CXX_LANGUAGE_STANDARD = "gnu++0x";
				CLANG_CXX_LIBRARY = "libc++";
				CLANG_ENABLE_OBJC_ARC = YES;
				CLANG_WARN_CONSTANT_CONVERSION = YES;
				CLANG_WARN_EMPTY_BODY = YES;
				CLANG_WARN_ENUM_CONVERSION = YES;
				CLANG_WARN_INT_CONVERSION = YES;
				CLANG_WARN__DUPLICATE_METHOD_MATCH = YES;
				CODE_SIGN_IDENTITY = "iPhone Developer";
				"CODE_SIGN_IDENTITY[sdk=iphoneos*]" = "iPhone Developer";
				COPY_PHASE_STRIP = NO;
				GCC_C_LANGUAGE_STANDARD = gnu99;
				GCC_DYNAMIC_NO_PIC = NO;
				GCC_OPTIMIZATION_LEVEL = 0;
				GCC_PREPROCESSOR_DEFINITIONS = (
					"DEBUG=1",
					"$(inherited)",
				);
				GCC_SYMBOLS_PRIVATE_EXTERN = NO;
				GCC_WARN_ABOUT_RETURN_TYPE = YES;
				GCC_WARN_UNINITIALIZED_AUTOS = YES;
				GCC_WARN_UNUSED_VARIABLE = YES;
				IPHONEOS_DEPLOYMENT_TARGET = 6.1;
				ONLY_ACTIVE_ARCH = YES;
				PROVISIONING_PROFILE = "";
				"PROVISIONING_PROFILE[sdk=iphoneos*]" = "";
				SDKROOT = iphoneos;
			};
			name = Debug;
		};
		5BE2B29A17C7AE9A0031A7CE /* Release */ = {
			isa = XCBuildConfiguration;
			buildSettings = {
				ALWAYS_SEARCH_USER_PATHS = NO;
				CLANG_CXX_LANGUAGE_STANDARD = "gnu++0x";
				CLANG_CXX_LIBRARY = "libc++";
				CLANG_ENABLE_OBJC_ARC = YES;
				CLANG_WARN_CONSTANT_CONVERSION = YES;
				CLANG_WARN_EMPTY_BODY = YES;
				CLANG_WARN_ENUM_CONVERSION = YES;
				CLANG_WARN_INT_CONVERSION = YES;
				CLANG_WARN__DUPLICATE_METHOD_MATCH = YES;
				CODE_SIGN_IDENTITY = "iPhone Developer";
				"CODE_SIGN_IDENTITY[sdk=iphoneos*]" = "iPhone Developer";
				COPY_PHASE_STRIP = YES;
				GCC_C_LANGUAGE_STANDARD = gnu99;
				GCC_WARN_ABOUT_RETURN_TYPE = YES;
				GCC_WARN_UNINITIALIZED_AUTOS = YES;
				GCC_WARN_UNUSED_VARIABLE = YES;
				IPHONEOS_DEPLOYMENT_TARGET = 6.1;
				OTHER_CFLAGS = "-DNS_BLOCK_ASSERTIONS=1";
				PROVISIONING_PROFILE = "";
				"PROVISIONING_PROFILE[sdk=iphoneos*]" = "";
				SDKROOT = iphoneos;
				VALIDATE_PRODUCT = YES;
			};
			name = Release;
		};
		5BE2B29C17C7AE9A0031A7CE /* Debug */ = {
			isa = XCBuildConfiguration;
			baseConfigurationReference = 427EEE498E894D6E80695CF6 /* Pods.xcconfig */;
			buildSettings = {
				CODE_SIGN_IDENTITY = "iPhone Developer";
				"CODE_SIGN_IDENTITY[sdk=iphoneos*]" = "iPhone Developer";
				GCC_PRECOMPILE_PREFIX_HEADER = YES;
				GCC_PREFIX_HEADER = "Hyper Recipes/Hyper Recipes-Prefix.pch";
				INFOPLIST_FILE = "Hyper Recipes/Hyper Recipes-Info.plist";
				PRODUCT_NAME = "$(TARGET_NAME)";
				PROVISIONING_PROFILE = "";
				"PROVISIONING_PROFILE[sdk=iphoneos*]" = "";
				WRAPPER_EXTENSION = app;
			};
			name = Debug;
		};
		5BE2B29D17C7AE9A0031A7CE /* Release */ = {
			isa = XCBuildConfiguration;
			baseConfigurationReference = 427EEE498E894D6E80695CF6 /* Pods.xcconfig */;
			buildSettings = {
				CODE_SIGN_IDENTITY = "iPhone Developer";
				"CODE_SIGN_IDENTITY[sdk=iphoneos*]" = "iPhone Developer";
				GCC_PRECOMPILE_PREFIX_HEADER = YES;
				GCC_PREFIX_HEADER = "Hyper Recipes/Hyper Recipes-Prefix.pch";
				INFOPLIST_FILE = "Hyper Recipes/Hyper Recipes-Info.plist";
				PRODUCT_NAME = "$(TARGET_NAME)";
				PROVISIONING_PROFILE = "";
				"PROVISIONING_PROFILE[sdk=iphoneos*]" = "";
				WRAPPER_EXTENSION = app;
			};
			name = Release;
		};
/* End XCBuildConfiguration section */

/* Begin XCConfigurationList section */
		5BE2B27917C7AE9A0031A7CE /* Build configuration list for PBXProject "Hyper Recipes" */ = {
			isa = XCConfigurationList;
			buildConfigurations = (
				5BE2B29917C7AE9A0031A7CE /* Debug */,
				5BE2B29A17C7AE9A0031A7CE /* Release */,
			);
			defaultConfigurationIsVisible = 0;
			defaultConfigurationName = Release;
		};
		5BE2B29B17C7AE9A0031A7CE /* Build configuration list for PBXNativeTarget "Hyper Recipes" */ = {
			isa = XCConfigurationList;
			buildConfigurations = (
				5BE2B29C17C7AE9A0031A7CE /* Debug */,
				5BE2B29D17C7AE9A0031A7CE /* Release */,
			);
			defaultConfigurationIsVisible = 0;
			defaultConfigurationName = Release;
		};
/* End XCConfigurationList section */

/* Begin XCVersionGroup section */
		5BA8AEDD17C7BC3F00EEC9ED /* HyperRecipes.xcdatamodeld */ = {
			isa = XCVersionGroup;
			children = (
				5BA8AEDE17C7BC3F00EEC9ED /* HyperRecipes.xcdatamodel */,
			);
			currentVersion = 5BA8AEDE17C7BC3F00EEC9ED /* HyperRecipes.xcdatamodel */;
			path = HyperRecipes.xcdatamodeld;
			sourceTree = "<group>";
			versionGroupType = wrapper.xcdatamodel;
		};
/* End XCVersionGroup section */
	};
	rootObject = 5BE2B27617C7AE9A0031A7CE /* Project object */;
}
